// !$*UTF8*$!
{
	archiveVersion = 1;
	classes = {
	};
	objectVersion = 77;
	objects = {

/* Begin PBXBuildFile section */
		1BDE6BB6593A6834C97F0C77 /* AgentWatchWatchEventPolicy.swift in Sources */ = {isa = PBXBuildFile; fileRef = 2BB161FB21768A17342D6AF2 /* AgentWatchWatchEventPolicy.swift */; };
		1F0B6D0D31B08FEE3237412D /* AgentWatchWatchEventPolicy.swift in Sources */ = {isa = PBXBuildFile; fileRef = 2BB161FB21768A17342D6AF2 /* AgentWatchWatchEventPolicy.swift */; };
		4F7EFAB8D1B6054FDD984C0E /* AgentWatchApp.swift in Sources */ = {isa = PBXBuildFile; fileRef = 9F727ACD4706C17AA1B1F5D8 /* AgentWatchApp.swift */; };
		582FC39C467463E9B1D8631F /* AgentWatchCursorStore.swift in Sources */ = {isa = PBXBuildFile; fileRef = 0683664A1382FB3ED0BFEAE3 /* AgentWatchCursorStore.swift */; };
		7BE36F4EC8A694E6C4FFF8EA /* ContentView.swift in Sources */ = {isa = PBXBuildFile; fileRef = FD56A0D39EE975FFC3326B69 /* ContentView.swift */; };
		876BA2DFB39F17F96F39B60E /* AgentWatchSharedModels.swift in Sources */ = {isa = PBXBuildFile; fileRef = 345AE8BC0E7C379A11A89270 /* AgentWatchSharedModels.swift */; };
		9666128035691A629249CC0F /* AgentWatchCursorStore.swift in Sources */ = {isa = PBXBuildFile; fileRef = 0683664A1382FB3ED0BFEAE3 /* AgentWatchCursorStore.swift */; };
		C8F5BDB7460FA0C507A8DDA6 /* AgentWatchSharedModels.swift in Sources */ = {isa = PBXBuildFile; fileRef = 345AE8BC0E7C379A11A89270 /* AgentWatchSharedModels.swift */; };
		CA66E6668A131AD3F8C9FB94 /* AgentWatchCursorStoreTests.swift in Sources */ = {isa = PBXBuildFile; fileRef = 965B830BE961D5A530782F11 /* AgentWatchCursorStoreTests.swift */; };
		CDF9017CC447AB4D5EC635FF /* AgentWatchWatchEventPolicyTests.swift in Sources */ = {isa = PBXBuildFile; fileRef = 4C8A6D9B484E941E9ABBF449 /* AgentWatchWatchEventPolicyTests.swift */; };
		F6F609A4121E38029C942ABE /* AgentWatchModel.swift in Sources */ = {isa = PBXBuildFile; fileRef = BC525F0B4B8C5F275256BA15 /* AgentWatchModel.swift */; };
		FB89B37C8DB67E0D0B15012F /* BlurTextTransition.swift in Sources */ = {isa = PBXBuildFile; fileRef = C4608699A19BD654480979B8 /* BlurTextTransition.swift */; };
/* End PBXBuildFile section */

/* Begin PBXFileReference section */
		0683664A1382FB3ED0BFEAE3 /* AgentWatchCursorStore.swift */ = {isa = PBXFileReference; lastKnownFileType = sourcecode.swift; path = AgentWatchCursorStore.swift; sourceTree = "<group>"; };
		2BB161FB21768A17342D6AF2 /* AgentWatchWatchEventPolicy.swift */ = {isa = PBXFileReference; lastKnownFileType = sourcecode.swift; path = AgentWatchWatchEventPolicy.swift; sourceTree = "<group>"; };
		345AE8BC0E7C379A11A89270 /* AgentWatchSharedModels.swift */ = {isa = PBXFileReference; lastKnownFileType = sourcecode.swift; path = AgentWatchSharedModels.swift; sourceTree = "<group>"; };
		4C8A6D9B484E941E9ABBF449 /* AgentWatchWatchEventPolicyTests.swift */ = {isa = PBXFileReference; lastKnownFileType = sourcecode.swift; path = AgentWatchWatchEventPolicyTests.swift; sourceTree = "<group>"; };
		965B830BE961D5A530782F11 /* AgentWatchCursorStoreTests.swift */ = {isa = PBXFileReference; lastKnownFileType = sourcecode.swift; path = AgentWatchCursorStoreTests.swift; sourceTree = "<group>"; };
		9DBFEE81DAC15E55A9D04EF3 /* AgentWatch.app */ = {isa = PBXFileReference; explicitFileType = wrapper.application; includeInIndex = 0; path = AgentWatch.app; sourceTree = BUILT_PRODUCTS_DIR; };
		9F727ACD4706C17AA1B1F5D8 /* AgentWatchApp.swift */ = {isa = PBXFileReference; lastKnownFileType = sourcecode.swift; path = AgentWatchApp.swift; sourceTree = "<group>"; };
		BC525F0B4B8C5F275256BA15 /* AgentWatchModel.swift */ = {isa = PBXFileReference; lastKnownFileType = sourcecode.swift; path = AgentWatchModel.swift; sourceTree = "<group>"; };
		C4608699A19BD654480979B8 /* BlurTextTransition.swift */ = {isa = PBXFileReference; lastKnownFileType = sourcecode.swift; path = BlurTextTransition.swift; sourceTree = "<group>"; };
		D5A77BB151B34DEEAD874EB6 /* AgentWatchSharedTests.xctest */ = {isa = PBXFileReference; explicitFileType = wrapper.cfbundle; includeInIndex = 0; path = AgentWatchSharedTests.xctest; sourceTree = BUILT_PRODUCTS_DIR; };
		FD56A0D39EE975FFC3326B69 /* ContentView.swift */ = {isa = PBXFileReference; lastKnownFileType = sourcecode.swift; path = ContentView.swift; sourceTree = "<group>"; };
/* End PBXFileReference section */

/* Begin PBXGroup section */
		1407FF7D0CD22FA90E3FBDBB /* shared */ = {
			isa = PBXGroup;
			children = (
				0683664A1382FB3ED0BFEAE3 /* AgentWatchCursorStore.swift */,
				345AE8BC0E7C379A11A89270 /* AgentWatchSharedModels.swift */,
				2BB161FB21768A17342D6AF2 /* AgentWatchWatchEventPolicy.swift */,
			);
			path = shared;
			sourceTree = "<group>";
		};
		5EA674B4F91D722DB965D7FF /* watch-app */ = {
			isa = PBXGroup;
			children = (
				9F727ACD4706C17AA1B1F5D8 /* AgentWatchApp.swift */,
				BC525F0B4B8C5F275256BA15 /* AgentWatchModel.swift */,
				C4608699A19BD654480979B8 /* BlurTextTransition.swift */,
				FD56A0D39EE975FFC3326B69 /* ContentView.swift */,
			);
			path = "watch-app";
			sourceTree = "<group>";
		};
		7AB047447DB04D0932A03148 = {
			isa = PBXGroup;
			children = (
				1407FF7D0CD22FA90E3FBDBB /* shared */,
				C901BD741A34AE02BC2CA49C /* tests */,
				5EA674B4F91D722DB965D7FF /* watch-app */,
				F3EB69DA0C355D7A6ACF37A8 /* Products */,
			);
			sourceTree = "<group>";
		};
		8F51DC8725EB9236A272B6EC /* swift */ = {
			isa = PBXGroup;
			children = (
				965B830BE961D5A530782F11 /* AgentWatchCursorStoreTests.swift */,
				4C8A6D9B484E941E9ABBF449 /* AgentWatchWatchEventPolicyTests.swift */,
			);
			path = swift;
			sourceTree = "<group>";
		};
		C901BD741A34AE02BC2CA49C /* tests */ = {
			isa = PBXGroup;
			children = (
				8F51DC8725EB9236A272B6EC /* swift */,
			);
			path = tests;
			sourceTree = "<group>";
		};
		F3EB69DA0C355D7A6ACF37A8 /* Products */ = {
			isa = PBXGroup;
			children = (
				9DBFEE81DAC15E55A9D04EF3 /* AgentWatch.app */,
				D5A77BB151B34DEEAD874EB6 /* AgentWatchSharedTests.xctest */,
			);
			name = Products;
			sourceTree = "<group>";
		};
/* End PBXGroup section */

/* Begin PBXNativeTarget section */
		0718CE85F4A06E61DFDFCA84 /* AgentWatchSharedTests */ = {
			isa = PBXNativeTarget;
			buildConfigurationList = D8C6EFB335DE2D6DD7B81FDC /* Build configuration list for PBXNativeTarget "AgentWatchSharedTests" */;
			buildPhases = (
				DF1227AF2ABB4AC2EFCA83F6 /* Sources */,
			);
			buildRules = (
			);
			dependencies = (
			);
			name = AgentWatchSharedTests;
			packageProductDependencies = (
			);
			productName = AgentWatchSharedTests;
			productReference = D5A77BB151B34DEEAD874EB6 /* AgentWatchSharedTests.xctest */;
			productType = "com.apple.product-type.bundle.unit-test";
		};
		2DA49E19D0AE4A3EFF6D39D7 /* AgentWatch */ = {
			isa = PBXNativeTarget;
			buildConfigurationList = A10AD2BA549799791538A094 /* Build configuration list for PBXNativeTarget "AgentWatch" */;
			buildPhases = (
				B299F2988DE48F6EC45CF668 /* Sources */,
			);
			buildRules = (
			);
			dependencies = (
			);
			name = AgentWatch;
			packageProductDependencies = (
			);
			productName = AgentWatch;
			productReference = 9DBFEE81DAC15E55A9D04EF3 /* AgentWatch.app */;
			productType = "com.apple.product-type.application";
		};
/* End PBXNativeTarget section */

/* Begin PBXProject section */
		C479C8D8F935AC2A479A39B3 /* Project object */ = {
			isa = PBXProject;
			attributes = {
				BuildIndependentTargetsInParallel = YES;
				LastUpgradeCheck = 1430;
				TargetAttributes = {
					2DA49E19D0AE4A3EFF6D39D7 = {
						ProvisioningStyle = Automatic;
					};
				};
			};
			buildConfigurationList = E9A1256A7CBF4860EE49CE4E /* Build configuration list for PBXProject "AgentWatch" */;
			compatibilityVersion = "Xcode 14.0";
			developmentRegion = en;
			hasScannedForEncodings = 0;
			knownRegions = (
				Base,
				en,
			);
			mainGroup = 7AB047447DB04D0932A03148;
			minimizedProjectReferenceProxies = 1;
			preferredProjectObjectVersion = 77;
			projectDirPath = "";
			projectRoot = "";
			targets = (
				2DA49E19D0AE4A3EFF6D39D7 /* AgentWatch */,
				0718CE85F4A06E61DFDFCA84 /* AgentWatchSharedTests */,
			);
		};
/* End PBXProject section */

/* Begin PBXSourcesBuildPhase section */
		B299F2988DE48F6EC45CF668 /* Sources */ = {
			isa = PBXSourcesBuildPhase;
			buildActionMask = 2147483647;
			files = (
				4F7EFAB8D1B6054FDD984C0E /* AgentWatchApp.swift in Sources */,
				9666128035691A629249CC0F /* AgentWatchCursorStore.swift in Sources */,
				F6F609A4121E38029C942ABE /* AgentWatchModel.swift in Sources */,
				876BA2DFB39F17F96F39B60E /* AgentWatchSharedModels.swift in Sources */,
				1F0B6D0D31B08FEE3237412D /* AgentWatchWatchEventPolicy.swift in Sources */,
				FB89B37C8DB67E0D0B15012F /* BlurTextTransition.swift in Sources */,
				7BE36F4EC8A694E6C4FFF8EA /* ContentView.swift in Sources */,
			);
			runOnlyForDeploymentPostprocessing = 0;
		};
		DF1227AF2ABB4AC2EFCA83F6 /* Sources */ = {
			isa = PBXSourcesBuildPhase;
			buildActionMask = 2147483647;
			files = (
				582FC39C467463E9B1D8631F /* AgentWatchCursorStore.swift in Sources */,
				CA66E6668A131AD3F8C9FB94 /* AgentWatchCursorStoreTests.swift in Sources */,
				C8F5BDB7460FA0C507A8DDA6 /* AgentWatchSharedModels.swift in Sources */,
				1BDE6BB6593A6834C97F0C77 /* AgentWatchWatchEventPolicy.swift in Sources */,
				CDF9017CC447AB4D5EC635FF /* AgentWatchWatchEventPolicyTests.swift in Sources */,
			);
			runOnlyForDeploymentPostprocessing = 0;
		};
/* End PBXSourcesBuildPhase section */

/* Begin XCBuildConfiguration section */
		1F5DBB761E6C073B0CC2495D /* Release */ = {
			isa = XCBuildConfiguration;
			buildSettings = {
				BUNDLE_LOADER = "$(TEST_HOST)";
				COMBINE_HIDPI_IMAGES = YES;
				GENERATE_INFOPLIST_FILE = YES;
				LD_RUNPATH_SEARCH_PATHS = (
					"$(inherited)",
					"@executable_path/../Frameworks",
					"@loader_path/../Frameworks",
				);
				MACOSX_DEPLOYMENT_TARGET = 14.0;
				PRODUCT_BUNDLE_IDENTIFIER = local.agentwatch.sharedtests;
				PRODUCT_NAME = AgentWatchSharedTests;
				SDKROOT = macosx;
			};
			name = Release;
		};
		59295D6822AEC2F1DF2D003F /* Release */ = {
			isa = XCBuildConfiguration;
			buildSettings = {
				ASSETCATALOG_COMPILER_APPICON_NAME = AppIcon;
				CODE_SIGN_STYLE = Automatic;
				GENERATE_INFOPLIST_FILE = YES;
				INFOPLIST_KEY_CFBundleDisplayName = AgentWatch;
				INFOPLIST_KEY_WKApplication = YES;
				INFOPLIST_KEY_WKWatchOnly = YES;
				PRODUCT_BUNDLE_IDENTIFIER = local.agentwatch.watch;
				PRODUCT_NAME = AgentWatch;
				SDKROOT = watchos;
				SKIP_INSTALL = YES;
				TARGETED_DEVICE_FAMILY = 4;
				WATCHOS_DEPLOYMENT_TARGET = 11.0;
			};
			name = Release;
		};
		60AFB3D7795D892CA67BC8A9 /* Debug */ = {
			isa = XCBuildConfiguration;
			buildSettings = {
				BUNDLE_LOADER = "$(TEST_HOST)";
				COMBINE_HIDPI_IMAGES = YES;
				GENERATE_INFOPLIST_FILE = YES;
				LD_RUNPATH_SEARCH_PATHS = (
					"$(inherited)",
					"@executable_path/../Frameworks",
					"@loader_path/../Frameworks",
				);
				MACOSX_DEPLOYMENT_TARGET = 14.0;
				PRODUCT_BUNDLE_IDENTIFIER = local.agentwatch.sharedtests;
				PRODUCT_NAME = AgentWatchSharedTests;
				SDKROOT = macosx;
			};
			name = Debug;
		};
		B082A4EDB03D046AF879182B /* Debug */ = {
			isa = XCBuildConfiguration;
			buildSettings = {
				ASSETCATALOG_COMPILER_APPICON_NAME = AppIcon;
				CODE_SIGN_STYLE = Automatic;
				GENERATE_INFOPLIST_FILE = YES;
				INFOPLIST_KEY_CFBundleDisplayName = AgentWatch;
				INFOPLIST_KEY_WKApplication = YES;
				INFOPLIST_KEY_WKWatchOnly = YES;
				PRODUCT_BUNDLE_IDENTIFIER = local.agentwatch.watch;
				PRODUCT_NAME = AgentWatch;
				SDKROOT = watchos;
				SKIP_INSTALL = YES;
				TARGETED_DEVICE_FAMILY = 4;
				WATCHOS_DEPLOYMENT_TARGET = 11.0;
			};
			name = Debug;
		};
		B44B4662065BD80796115154 /* Release */ = {
			isa = XCBuildConfiguration;
			buildSettings = {
				ALWAYS_SEARCH_USER_PATHS = NO;
				CLANG_ANALYZER_NONNULL = YES;
				CLANG_ANALYZER_NUMBER_OBJECT_CONVERSION = YES_AGGRESSIVE;
				CLANG_CXX_LANGUAGE_STANDARD = "gnu++14";
				CLANG_CXX_LIBRARY = "libc++";
				CLANG_ENABLE_MODULES = YES;
				CLANG_ENABLE_OBJC_ARC = YES;
				CLANG_ENABLE_OBJC_WEAK = YES;
				CLANG_WARN_BLOCK_CAPTURE_AUTORELEASING = YES;
				CLANG_WARN_BOOL_CONVERSION = YES;
				CLANG_WARN_COMMA = YES;
				CLANG_WARN_CONSTANT_CONVERSION = YES;
				CLANG_WARN_DEPRECATED_OBJC_IMPLEMENTATIONS = YES;
				CLANG_WARN_DIRECT_OBJC_ISA_USAGE = YES_ERROR;
				CLANG_WARN_DOCUMENTATION_COMMENTS = YES;
				CLANG_WARN_EMPTY_BODY = YES;
				CLANG_WARN_ENUM_CONVERSION = YES;
				CLANG_WARN_INFINITE_RECURSION = YES;
				CLANG_WARN_INT_CONVERSION = YES;
				CLANG_WARN_NON_LITERAL_NULL_CONVERSION = YES;
				CLANG_WARN_OBJC_IMPLICIT_RETAIN_SELF = YES;
				CLANG_WARN_OBJC_LITERAL_CONVERSION = YES;
				CLANG_WARN_OBJC_ROOT_CLASS = YES_ERROR;
				CLANG_WARN_QUOTED_INCLUDE_IN_FRAMEWORK_HEADER = YES;
				CLANG_WARN_RANGE_LOOP_ANALYSIS = YES;
				CLANG_WARN_STRICT_PROTOTYPES = YES;
				CLANG_WARN_SUSPICIOUS_MOVE = YES;
				CLANG_WARN_UNGUARDED_AVAILABILITY = YES_AGGRESSIVE;
				CLANG_WARN_UNREACHABLE_CODE = YES;
				CLANG_WARN__DUPLICATE_METHOD_MATCH = YES;
				COPY_PHASE_STRIP = NO;
				CURRENT_PROJECT_VERSION = 1;
				DEBUG_INFORMATION_FORMAT = "dwarf-with-dsym";
				ENABLE_NS_ASSERTIONS = NO;
				ENABLE_STRICT_OBJC_MSGSEND = YES;
				GCC_C_LANGUAGE_STANDARD = gnu11;
				GCC_NO_COMMON_BLOCKS = YES;
				GCC_WARN_64_TO_32_BIT_CONVERSION = YES;
				GCC_WARN_ABOUT_RETURN_TYPE = YES_ERROR;
				GCC_WARN_UNDECLARED_SELECTOR = YES;
				GCC_WARN_UNINITIALIZED_AUTOS = YES_AGGRESSIVE;
				GCC_WARN_UNUSED_FUNCTION = YES;
				GCC_WARN_UNUSED_VARIABLE = YES;
				MARKETING_VERSION = 0.1.0;
				MTL_ENABLE_DEBUG_INFO = NO;
				MTL_FAST_MATH = YES;
				PRODUCT_NAME = "$(TARGET_NAME)";
				SWIFT_COMPILATION_MODE = wholemodule;
				SWIFT_OPTIMIZATION_LEVEL = "-O";
				SWIFT_VERSION = 6.0;
			};
			name = Release;
		};
		EDACF32649EC1886AE00D732 /* Debug */ = {
			isa = XCBuildConfiguration;
			buildSettings = {
				ALWAYS_SEARCH_USER_PATHS = NO;
				CLANG_ANALYZER_NONNULL = YES;
				CLANG_ANALYZER_NUMBER_OBJECT_CONVERSION = YES_AGGRESSIVE;
				CLANG_CXX_LANGUAGE_STANDARD = "gnu++14";
				CLANG_CXX_LIBRARY = "libc++";
				CLANG_ENABLE_MODULES = YES;
				CLANG_ENABLE_OBJC_ARC = YES;
				CLANG_ENABLE_OBJC_WEAK = YES;
				CLANG_WARN_BLOCK_CAPTURE_AUTORELEASING = YES;
				CLANG_WARN_BOOL_CONVERSION = YES;
				CLANG_WARN_COMMA = YES;
				CLANG_WARN_CONSTANT_CONVERSION = YES;
				CLANG_WARN_DEPRECATED_OBJC_IMPLEMENTATIONS = YES;
				CLANG_WARN_DIRECT_OBJC_ISA_USAGE = YES_ERROR;
				CLANG_WARN_DOCUMENTATION_COMMENTS = YES;
				CLANG_WARN_EMPTY_BODY = YES;
				CLANG_WARN_ENUM_CONVERSION = YES;
				CLANG_WARN_INFINITE_RECURSION = YES;
				CLANG_WARN_INT_CONVERSION = YES;
				CLANG_WARN_NON_LITERAL_NULL_CONVERSION = YES;
				CLANG_WARN_OBJC_IMPLICIT_RETAIN_SELF = YES;
				CLANG_WARN_OBJC_LITERAL_CONVERSION = YES;
				CLANG_WARN_OBJC_ROOT_CLASS = YES_ERROR;
				CLANG_WARN_QUOTED_INCLUDE_IN_FRAMEWORK_HEADER = YES;
				CLANG_WARN_RANGE_LOOP_ANALYSIS = YES;
				CLANG_WARN_STRICT_PROTOTYPES = YES;
				CLANG_WARN_SUSPICIOUS_MOVE = YES;
				CLANG_WARN_UNGUARDED_AVAILABILITY = YES_AGGRESSIVE;
				CLANG_WARN_UNREACHABLE_CODE = YES;
				CLANG_WARN__DUPLICATE_METHOD_MATCH = YES;
				COPY_PHASE_STRIP = NO;
				CURRENT_PROJECT_VERSION = 1;
				DEBUG_INFORMATION_FORMAT = dwarf;
				ENABLE_STRICT_OBJC_MSGSEND = YES;
				ENABLE_TESTABILITY = YES;
				GCC_C_LANGUAGE_STANDARD = gnu11;
				GCC_DYNAMIC_NO_PIC = NO;
				GCC_NO_COMMON_BLOCKS = YES;
				GCC_OPTIMIZATION_LEVEL = 0;
				GCC_PREPROCESSOR_DEFINITIONS = (
					"$(inherited)",
					"DEBUG=1",
				);
				GCC_WARN_64_TO_32_BIT_CONVERSION = YES;
				GCC_WARN_ABOUT_RETURN_TYPE = YES_ERROR;
				GCC_WARN_UNDECLARED_SELECTOR = YES;
				GCC_WARN_UNINITIALIZED_AUTOS = YES_AGGRESSIVE;
				GCC_WARN_UNUSED_FUNCTION = YES;
				GCC_WARN_UNUSED_VARIABLE = YES;
				MARKETING_VERSION = 0.1.0;
				MTL_ENABLE_DEBUG_INFO = INCLUDE_SOURCE;
				MTL_FAST_MATH = YES;
				ONLY_ACTIVE_ARCH = YES;
				PRODUCT_NAME = "$(TARGET_NAME)";
				SWIFT_ACTIVE_COMPILATION_CONDITIONS = DEBUG;
				SWIFT_OPTIMIZATION_LEVEL = "-Onone";
				SWIFT_VERSION = 6.0;
			};
			name = Debug;
		};
/* End XCBuildConfiguration section */

/* Begin XCConfigurationList section */
		A10AD2BA549799791538A094 /* Build configuration list for PBXNativeTarget "AgentWatch" */ = {
			isa = XCConfigurationList;
			buildConfigurations = (
				B082A4EDB03D046AF879182B /* Debug */,
				59295D6822AEC2F1DF2D003F /* Release */,
			);
			defaultConfigurationIsVisible = 0;
			defaultConfigurationName = Debug;
		};
		D8C6EFB335DE2D6DD7B81FDC /* Build configuration list for PBXNativeTarget "AgentWatchSharedTests" */ = {
			isa = XCConfigurationList;
			buildConfigurations = (
				60AFB3D7795D892CA67BC8A9 /* Debug */,
				1F5DBB761E6C073B0CC2495D /* Release */,
			);
			defaultConfigurationIsVisible = 0;
			defaultConfigurationName = Debug;
		};
		E9A1256A7CBF4860EE49CE4E /* Build configuration list for PBXProject "AgentWatch" */ = {
			isa = XCConfigurationList;
			buildConfigurations = (
				EDACF32649EC1886AE00D732 /* Debug */,
				B44B4662065BD80796115154 /* Release */,
			);
			defaultConfigurationIsVisible = 0;
			defaultConfigurationName = Debug;
		};
/* End XCConfigurationList section */
	};
	rootObject = C479C8D8F935AC2A479A39B3 /* Project object */;
}
