// !$*UTF8*$!
{
	archiveVersion = 1;
	classes = {
	};
	objectVersion = 77;
	objects = {

/* Begin PBXBuildFile section */
		0EFC4E7EBF9CEA224E34F59B /* TaphapticSharedModels.swift in Sources */ = {isa = PBXBuildFile; fileRef = 66CED5F91B5B592C2C97F1B2 /* TaphapticSharedModels.swift */; };
		238546A4E03C24356FC9943D /* TaphapticModel.swift in Sources */ = {isa = PBXBuildFile; fileRef = BDDBBF7D9469AA4346EB32FE /* TaphapticModel.swift */; };
		2A7820C15349200EB02E5803 /* TaphapticServiceDiscovery.swift in Sources */ = {isa = PBXBuildFile; fileRef = DF20D4F2ABA944087F2BE99E /* TaphapticServiceDiscovery.swift */; };
		3E47BEF6E1539658FA33975F /* TaphapticCursorStore.swift in Sources */ = {isa = PBXBuildFile; fileRef = 7A64DC3D6CD90413AFEE58E0 /* TaphapticCursorStore.swift */; };
		5720CD4B075F77C323716DE5 /* TaphapticSharedModels.swift in Sources */ = {isa = PBXBuildFile; fileRef = 66CED5F91B5B592C2C97F1B2 /* TaphapticSharedModels.swift */; };
		8596311FCA274AA0667AD58A /* TaphapticWatchEventPolicyTests.swift in Sources */ = {isa = PBXBuildFile; fileRef = B2B5E151383287C488F67089 /* TaphapticWatchEventPolicyTests.swift */; };
		9ED156943551E1C5A592A737 /* TaphapticWatchEventPolicy.swift in Sources */ = {isa = PBXBuildFile; fileRef = 84026B091CCA72BCE49593D1 /* TaphapticWatchEventPolicy.swift */; };
		A9A84CF268817B1CD928505F /* TaphapticWatchEventPolicy.swift in Sources */ = {isa = PBXBuildFile; fileRef = 84026B091CCA72BCE49593D1 /* TaphapticWatchEventPolicy.swift */; };
		AF551AA7FEE6B3F91E928228 /* TaphapticApp.swift in Sources */ = {isa = PBXBuildFile; fileRef = BDA1C59A34190840D2584013 /* TaphapticApp.swift */; };
		BC0EFB10A6903FAF7888B26C /* TaphapticCursorStore.swift in Sources */ = {isa = PBXBuildFile; fileRef = 7A64DC3D6CD90413AFEE58E0 /* TaphapticCursorStore.swift */; };
		CA8DFF985C1B71C8ADB8AC5B /* TaphapticCursorStoreTests.swift in Sources */ = {isa = PBXBuildFile; fileRef = F07713291BE7658824C3A820 /* TaphapticCursorStoreTests.swift */; };
		D69B958F5D94D2C6AF355E36 /* ContentView.swift in Sources */ = {isa = PBXBuildFile; fileRef = 988EA82B7250B4D755851D76 /* ContentView.swift */; };
		F36E306919876DCF4459433D /* BlurTextTransition.swift in Sources */ = {isa = PBXBuildFile; fileRef = 53FD74ECCFCD3F657C4C1FE0 /* BlurTextTransition.swift */; };
/* End PBXBuildFile section */

/* Begin PBXFileReference section */
		53FD74ECCFCD3F657C4C1FE0 /* BlurTextTransition.swift */ = {isa = PBXFileReference; lastKnownFileType = sourcecode.swift; path = BlurTextTransition.swift; sourceTree = "<group>"; };
		66CED5F91B5B592C2C97F1B2 /* TaphapticSharedModels.swift */ = {isa = PBXFileReference; lastKnownFileType = sourcecode.swift; path = TaphapticSharedModels.swift; sourceTree = "<group>"; };
		6CE8BE767D0EFDC05738DF3C /* Taphaptic.app */ = {isa = PBXFileReference; explicitFileType = wrapper.application; includeInIndex = 0; path = Taphaptic.app; sourceTree = BUILT_PRODUCTS_DIR; };
		7A64DC3D6CD90413AFEE58E0 /* TaphapticCursorStore.swift */ = {isa = PBXFileReference; lastKnownFileType = sourcecode.swift; path = TaphapticCursorStore.swift; sourceTree = "<group>"; };
		84026B091CCA72BCE49593D1 /* TaphapticWatchEventPolicy.swift */ = {isa = PBXFileReference; lastKnownFileType = sourcecode.swift; path = TaphapticWatchEventPolicy.swift; sourceTree = "<group>"; };
		988EA82B7250B4D755851D76 /* ContentView.swift */ = {isa = PBXFileReference; lastKnownFileType = sourcecode.swift; path = ContentView.swift; sourceTree = "<group>"; };
		B2B5E151383287C488F67089 /* TaphapticWatchEventPolicyTests.swift */ = {isa = PBXFileReference; lastKnownFileType = sourcecode.swift; path = TaphapticWatchEventPolicyTests.swift; sourceTree = "<group>"; };
		BDA1C59A34190840D2584013 /* TaphapticApp.swift */ = {isa = PBXFileReference; lastKnownFileType = sourcecode.swift; path = TaphapticApp.swift; sourceTree = "<group>"; };
		BDDBBF7D9469AA4346EB32FE /* TaphapticModel.swift */ = {isa = PBXFileReference; lastKnownFileType = sourcecode.swift; path = TaphapticModel.swift; sourceTree = "<group>"; };
		BFD3E229C0241686AC5FDF18 /* TaphapticSharedTests.xctest */ = {isa = PBXFileReference; explicitFileType = wrapper.cfbundle; includeInIndex = 0; path = TaphapticSharedTests.xctest; sourceTree = BUILT_PRODUCTS_DIR; };
		DF20D4F2ABA944087F2BE99E /* TaphapticServiceDiscovery.swift */ = {isa = PBXFileReference; lastKnownFileType = sourcecode.swift; path = TaphapticServiceDiscovery.swift; sourceTree = "<group>"; };
		F07713291BE7658824C3A820 /* TaphapticCursorStoreTests.swift */ = {isa = PBXFileReference; lastKnownFileType = sourcecode.swift; path = TaphapticCursorStoreTests.swift; sourceTree = "<group>"; };
/* End PBXFileReference section */

/* Begin PBXGroup section */
		0590A84FDC846A2E5C6A4ED3 /* swift */ = {
			isa = PBXGroup;
			children = (
				F07713291BE7658824C3A820 /* TaphapticCursorStoreTests.swift */,
				B2B5E151383287C488F67089 /* TaphapticWatchEventPolicyTests.swift */,
			);
			path = swift;
			sourceTree = "<group>";
		};
		14F9B7E0FCD11A4D27A2C8C0 /* tests */ = {
			isa = PBXGroup;
			children = (
				0590A84FDC846A2E5C6A4ED3 /* swift */,
			);
			path = tests;
			sourceTree = "<group>";
		};
		67857B20C449EB5B0F1FC9CA /* watch-app */ = {
			isa = PBXGroup;
			children = (
				53FD74ECCFCD3F657C4C1FE0 /* BlurTextTransition.swift */,
				988EA82B7250B4D755851D76 /* ContentView.swift */,
				BDA1C59A34190840D2584013 /* TaphapticApp.swift */,
				BDDBBF7D9469AA4346EB32FE /* TaphapticModel.swift */,
				DF20D4F2ABA944087F2BE99E /* TaphapticServiceDiscovery.swift */,
			);
			path = "watch-app";
			sourceTree = "<group>";
		};
		88B824AEAE3A3F376F9C85D0 /* Products */ = {
			isa = PBXGroup;
			children = (
				6CE8BE767D0EFDC05738DF3C /* Taphaptic.app */,
				BFD3E229C0241686AC5FDF18 /* TaphapticSharedTests.xctest */,
			);
			name = Products;
			sourceTree = "<group>";
		};
		A8C8E64E5F359598F4868093 /* shared */ = {
			isa = PBXGroup;
			children = (
				7A64DC3D6CD90413AFEE58E0 /* TaphapticCursorStore.swift */,
				66CED5F91B5B592C2C97F1B2 /* TaphapticSharedModels.swift */,
				84026B091CCA72BCE49593D1 /* TaphapticWatchEventPolicy.swift */,
			);
			path = shared;
			sourceTree = "<group>";
		};
		DEB2F0449B77E0D2C658CC55 = {
			isa = PBXGroup;
			children = (
				A8C8E64E5F359598F4868093 /* shared */,
				14F9B7E0FCD11A4D27A2C8C0 /* tests */,
				67857B20C449EB5B0F1FC9CA /* watch-app */,
				88B824AEAE3A3F376F9C85D0 /* Products */,
			);
			sourceTree = "<group>";
		};
/* End PBXGroup section */

/* Begin PBXNativeTarget section */
		06F11C263B486BAFF386382F /* TaphapticSharedTests */ = {
			isa = PBXNativeTarget;
			buildConfigurationList = 8E267A34D2FA9AA69693FF5F /* Build configuration list for PBXNativeTarget "TaphapticSharedTests" */;
			buildPhases = (
				B54D5800AEB3CA4EAC0F61DD /* Sources */,
			);
			buildRules = (
			);
			dependencies = (
			);
			name = TaphapticSharedTests;
			packageProductDependencies = (
			);
			productName = TaphapticSharedTests;
			productReference = BFD3E229C0241686AC5FDF18 /* TaphapticSharedTests.xctest */;
			productType = "com.apple.product-type.bundle.unit-test";
		};
		69D4E33EEF56E3DEAD2A682E /* Taphaptic */ = {
			isa = PBXNativeTarget;
			buildConfigurationList = 73C6DB2DCB3ED068C0F9B2D9 /* Build configuration list for PBXNativeTarget "Taphaptic" */;
			buildPhases = (
				1A392910698A5FC9DCAB00F3 /* Sources */,
			);
			buildRules = (
			);
			dependencies = (
			);
			name = Taphaptic;
			packageProductDependencies = (
			);
			productName = Taphaptic;
			productReference = 6CE8BE767D0EFDC05738DF3C /* Taphaptic.app */;
			productType = "com.apple.product-type.application";
		};
/* End PBXNativeTarget section */

/* Begin PBXProject section */
		99763C591FBDC4FCA6AC0899 /* Project object */ = {
			isa = PBXProject;
			attributes = {
				BuildIndependentTargetsInParallel = YES;
				LastUpgradeCheck = 1430;
				TargetAttributes = {
					69D4E33EEF56E3DEAD2A682E = {
						ProvisioningStyle = Automatic;
					};
				};
			};
			buildConfigurationList = DF7E8291F91E106393173284 /* Build configuration list for PBXProject "Taphaptic" */;
			compatibilityVersion = "Xcode 14.0";
			developmentRegion = en;
			hasScannedForEncodings = 0;
			knownRegions = (
				Base,
				en,
			);
			mainGroup = DEB2F0449B77E0D2C658CC55;
			minimizedProjectReferenceProxies = 1;
			preferredProjectObjectVersion = 77;
			projectDirPath = "";
			projectRoot = "";
			targets = (
				69D4E33EEF56E3DEAD2A682E /* Taphaptic */,
				06F11C263B486BAFF386382F /* TaphapticSharedTests */,
			);
		};
/* End PBXProject section */

/* Begin PBXSourcesBuildPhase section */
		1A392910698A5FC9DCAB00F3 /* Sources */ = {
			isa = PBXSourcesBuildPhase;
			buildActionMask = 2147483647;
			files = (
				F36E306919876DCF4459433D /* BlurTextTransition.swift in Sources */,
				D69B958F5D94D2C6AF355E36 /* ContentView.swift in Sources */,
				AF551AA7FEE6B3F91E928228 /* TaphapticApp.swift in Sources */,
				3E47BEF6E1539658FA33975F /* TaphapticCursorStore.swift in Sources */,
				238546A4E03C24356FC9943D /* TaphapticModel.swift in Sources */,
				2A7820C15349200EB02E5803 /* TaphapticServiceDiscovery.swift in Sources */,
				5720CD4B075F77C323716DE5 /* TaphapticSharedModels.swift in Sources */,
				A9A84CF268817B1CD928505F /* TaphapticWatchEventPolicy.swift in Sources */,
			);
			runOnlyForDeploymentPostprocessing = 0;
		};
		B54D5800AEB3CA4EAC0F61DD /* Sources */ = {
			isa = PBXSourcesBuildPhase;
			buildActionMask = 2147483647;
			files = (
				BC0EFB10A6903FAF7888B26C /* TaphapticCursorStore.swift in Sources */,
				CA8DFF985C1B71C8ADB8AC5B /* TaphapticCursorStoreTests.swift in Sources */,
				0EFC4E7EBF9CEA224E34F59B /* TaphapticSharedModels.swift in Sources */,
				9ED156943551E1C5A592A737 /* TaphapticWatchEventPolicy.swift in Sources */,
				8596311FCA274AA0667AD58A /* TaphapticWatchEventPolicyTests.swift in Sources */,
			);
			runOnlyForDeploymentPostprocessing = 0;
		};
/* End PBXSourcesBuildPhase section */

/* Begin XCBuildConfiguration section */
		158592E8B88E001677F4D9C0 /* Release */ = {
			isa = XCBuildConfiguration;
			buildSettings = {
				ALWAYS_SEARCH_USER_PATHS = NO;
				CLANG_ANALYZER_NONNULL = YES;
				CLANG_ANALYZER_NUMBER_OBJECT_CONVERSION = YES_AGGRESSIVE;
				CLANG_CXX_LANGUAGE_STANDARD = "gnu++14";
				CLANG_CXX_LIBRARY = "libc++";
				CLANG_ENABLE_MODULES = YES;
				CLANG_ENABLE_OBJC_ARC = YES;
				CLANG_ENABLE_OBJC_WEAK = YES;
				CLANG_WARN_BLOCK_CAPTURE_AUTORELEASING = YES;
				CLANG_WARN_BOOL_CONVERSION = YES;
				CLANG_WARN_COMMA = YES;
				CLANG_WARN_CONSTANT_CONVERSION = YES;
				CLANG_WARN_DEPRECATED_OBJC_IMPLEMENTATIONS = YES;
				CLANG_WARN_DIRECT_OBJC_ISA_USAGE = YES_ERROR;
				CLANG_WARN_DOCUMENTATION_COMMENTS = YES;
				CLANG_WARN_EMPTY_BODY = YES;
				CLANG_WARN_ENUM_CONVERSION = YES;
				CLANG_WARN_INFINITE_RECURSION = YES;
				CLANG_WARN_INT_CONVERSION = YES;
				CLANG_WARN_NON_LITERAL_NULL_CONVERSION = YES;
				CLANG_WARN_OBJC_IMPLICIT_RETAIN_SELF = YES;
				CLANG_WARN_OBJC_LITERAL_CONVERSION = YES;
				CLANG_WARN_OBJC_ROOT_CLASS = YES_ERROR;
				CLANG_WARN_QUOTED_INCLUDE_IN_FRAMEWORK_HEADER = YES;
				CLANG_WARN_RANGE_LOOP_ANALYSIS = YES;
				CLANG_WARN_STRICT_PROTOTYPES = YES;
				CLANG_WARN_SUSPICIOUS_MOVE = YES;
				CLANG_WARN_UNGUARDED_AVAILABILITY = YES_AGGRESSIVE;
				CLANG_WARN_UNREACHABLE_CODE = YES;
				CLANG_WARN__DUPLICATE_METHOD_MATCH = YES;
				COPY_PHASE_STRIP = NO;
				CURRENT_PROJECT_VERSION = 1;
				DEBUG_INFORMATION_FORMAT = "dwarf-with-dsym";
				ENABLE_NS_ASSERTIONS = NO;
				ENABLE_STRICT_OBJC_MSGSEND = YES;
				GCC_C_LANGUAGE_STANDARD = gnu11;
				GCC_NO_COMMON_BLOCKS = YES;
				GCC_WARN_64_TO_32_BIT_CONVERSION = YES;
				GCC_WARN_ABOUT_RETURN_TYPE = YES_ERROR;
				GCC_WARN_UNDECLARED_SELECTOR = YES;
				GCC_WARN_UNINITIALIZED_AUTOS = YES_AGGRESSIVE;
				GCC_WARN_UNUSED_FUNCTION = YES;
				GCC_WARN_UNUSED_VARIABLE = YES;
				MARKETING_VERSION = 0.1.0;
				MTL_ENABLE_DEBUG_INFO = NO;
				MTL_FAST_MATH = YES;
				PRODUCT_NAME = "$(TARGET_NAME)";
				SWIFT_COMPILATION_MODE = wholemodule;
				SWIFT_OPTIMIZATION_LEVEL = "-O";
				SWIFT_VERSION = 6.0;
			};
			name = Release;
		};
		5CA08E83CD7C8290DDD930DC /* Release */ = {
			isa = XCBuildConfiguration;
			buildSettings = {
				BUNDLE_LOADER = "$(TEST_HOST)";
				COMBINE_HIDPI_IMAGES = YES;
				GENERATE_INFOPLIST_FILE = YES;
				LD_RUNPATH_SEARCH_PATHS = (
					"$(inherited)",
					"@executable_path/../Frameworks",
					"@loader_path/../Frameworks",
				);
				MACOSX_DEPLOYMENT_TARGET = 14.0;
				PRODUCT_BUNDLE_IDENTIFIER = local.taphaptic.sharedtests;
				PRODUCT_NAME = TaphapticSharedTests;
				SDKROOT = macosx;
			};
			name = Release;
		};
		B5B94BF6EFBD514EB8A682E8 /* Debug */ = {
			isa = XCBuildConfiguration;
			buildSettings = {
				BUNDLE_LOADER = "$(TEST_HOST)";
				COMBINE_HIDPI_IMAGES = YES;
				GENERATE_INFOPLIST_FILE = YES;
				LD_RUNPATH_SEARCH_PATHS = (
					"$(inherited)",
					"@executable_path/../Frameworks",
					"@loader_path/../Frameworks",
				);
				MACOSX_DEPLOYMENT_TARGET = 14.0;
				PRODUCT_BUNDLE_IDENTIFIER = local.taphaptic.sharedtests;
				PRODUCT_NAME = TaphapticSharedTests;
				SDKROOT = macosx;
			};
			name = Debug;
		};
		B73C8562208F235C499CDDD9 /* Release */ = {
			isa = XCBuildConfiguration;
			buildSettings = {
				ASSETCATALOG_COMPILER_APPICON_NAME = AppIcon;
				CODE_SIGN_STYLE = Automatic;
				GENERATE_INFOPLIST_FILE = YES;
				INFOPLIST_KEY_CFBundleDisplayName = Taphaptic;
				INFOPLIST_KEY_NSAppTransportSecurity_NSAllowsLocalNetworking = YES;
				INFOPLIST_KEY_NSBonjourServices = (
					_taphaptic._tcp,
				);
				INFOPLIST_KEY_NSLocalNetworkUsageDescription = "Taphaptic discovers your Mac on the local network for pairing.";
				INFOPLIST_KEY_WKApplication = YES;
				INFOPLIST_KEY_WKWatchOnly = YES;
				PRODUCT_BUNDLE_IDENTIFIER = local.taphaptic.watch;
				PRODUCT_NAME = Taphaptic;
				SDKROOT = watchos;
				SKIP_INSTALL = YES;
				TARGETED_DEVICE_FAMILY = 4;
				WATCHOS_DEPLOYMENT_TARGET = 11.0;
			};
			name = Release;
		};
		E0E48C35FC9B187C812CFDC0 /* Debug */ = {
			isa = XCBuildConfiguration;
			buildSettings = {
				ASSETCATALOG_COMPILER_APPICON_NAME = AppIcon;
				CODE_SIGN_STYLE = Automatic;
				GENERATE_INFOPLIST_FILE = YES;
				INFOPLIST_KEY_CFBundleDisplayName = Taphaptic;
				INFOPLIST_KEY_NSAppTransportSecurity_NSAllowsLocalNetworking = YES;
				INFOPLIST_KEY_NSBonjourServices = (
					_taphaptic._tcp,
				);
				INFOPLIST_KEY_NSLocalNetworkUsageDescription = "Taphaptic discovers your Mac on the local network for pairing.";
				INFOPLIST_KEY_WKApplication = YES;
				INFOPLIST_KEY_WKWatchOnly = YES;
				PRODUCT_BUNDLE_IDENTIFIER = local.taphaptic.watch;
				PRODUCT_NAME = Taphaptic;
				SDKROOT = watchos;
				SKIP_INSTALL = YES;
				TARGETED_DEVICE_FAMILY = 4;
				WATCHOS_DEPLOYMENT_TARGET = 11.0;
			};
			name = Debug;
		};
		F92EBA8D0EDA21C67764ACAE /* Debug */ = {
			isa = XCBuildConfiguration;
			buildSettings = {
				ALWAYS_SEARCH_USER_PATHS = NO;
				CLANG_ANALYZER_NONNULL = YES;
				CLANG_ANALYZER_NUMBER_OBJECT_CONVERSION = YES_AGGRESSIVE;
				CLANG_CXX_LANGUAGE_STANDARD = "gnu++14";
				CLANG_CXX_LIBRARY = "libc++";
				CLANG_ENABLE_MODULES = YES;
				CLANG_ENABLE_OBJC_ARC = YES;
				CLANG_ENABLE_OBJC_WEAK = YES;
				CLANG_WARN_BLOCK_CAPTURE_AUTORELEASING = YES;
				CLANG_WARN_BOOL_CONVERSION = YES;
				CLANG_WARN_COMMA = YES;
				CLANG_WARN_CONSTANT_CONVERSION = YES;
				CLANG_WARN_DEPRECATED_OBJC_IMPLEMENTATIONS = YES;
				CLANG_WARN_DIRECT_OBJC_ISA_USAGE = YES_ERROR;
				CLANG_WARN_DOCUMENTATION_COMMENTS = YES;
				CLANG_WARN_EMPTY_BODY = YES;
				CLANG_WARN_ENUM_CONVERSION = YES;
				CLANG_WARN_INFINITE_RECURSION = YES;
				CLANG_WARN_INT_CONVERSION = YES;
				CLANG_WARN_NON_LITERAL_NULL_CONVERSION = YES;
				CLANG_WARN_OBJC_IMPLICIT_RETAIN_SELF = YES;
				CLANG_WARN_OBJC_LITERAL_CONVERSION = YES;
				CLANG_WARN_OBJC_ROOT_CLASS = YES_ERROR;
				CLANG_WARN_QUOTED_INCLUDE_IN_FRAMEWORK_HEADER = YES;
				CLANG_WARN_RANGE_LOOP_ANALYSIS = YES;
				CLANG_WARN_STRICT_PROTOTYPES = YES;
				CLANG_WARN_SUSPICIOUS_MOVE = YES;
				CLANG_WARN_UNGUARDED_AVAILABILITY = YES_AGGRESSIVE;
				CLANG_WARN_UNREACHABLE_CODE = YES;
				CLANG_WARN__DUPLICATE_METHOD_MATCH = YES;
				COPY_PHASE_STRIP = NO;
				CURRENT_PROJECT_VERSION = 1;
				DEBUG_INFORMATION_FORMAT = dwarf;
				ENABLE_STRICT_OBJC_MSGSEND = YES;
				ENABLE_TESTABILITY = YES;
				GCC_C_LANGUAGE_STANDARD = gnu11;
				GCC_DYNAMIC_NO_PIC = NO;
				GCC_NO_COMMON_BLOCKS = YES;
				GCC_OPTIMIZATION_LEVEL = 0;
				GCC_PREPROCESSOR_DEFINITIONS = (
					"$(inherited)",
					"DEBUG=1",
				);
				GCC_WARN_64_TO_32_BIT_CONVERSION = YES;
				GCC_WARN_ABOUT_RETURN_TYPE = YES_ERROR;
				GCC_WARN_UNDECLARED_SELECTOR = YES;
				GCC_WARN_UNINITIALIZED_AUTOS = YES_AGGRESSIVE;
				GCC_WARN_UNUSED_FUNCTION = YES;
				GCC_WARN_UNUSED_VARIABLE = YES;
				MARKETING_VERSION = 0.1.0;
				MTL_ENABLE_DEBUG_INFO = INCLUDE_SOURCE;
				MTL_FAST_MATH = YES;
				ONLY_ACTIVE_ARCH = YES;
				PRODUCT_NAME = "$(TARGET_NAME)";
				SWIFT_ACTIVE_COMPILATION_CONDITIONS = DEBUG;
				SWIFT_OPTIMIZATION_LEVEL = "-Onone";
				SWIFT_VERSION = 6.0;
			};
			name = Debug;
		};
/* End XCBuildConfiguration section */

/* Begin XCConfigurationList section */
		73C6DB2DCB3ED068C0F9B2D9 /* Build configuration list for PBXNativeTarget "Taphaptic" */ = {
			isa = XCConfigurationList;
			buildConfigurations = (
				E0E48C35FC9B187C812CFDC0 /* Debug */,
				B73C8562208F235C499CDDD9 /* Release */,
			);
			defaultConfigurationIsVisible = 0;
			defaultConfigurationName = Debug;
		};
		8E267A34D2FA9AA69693FF5F /* Build configuration list for PBXNativeTarget "TaphapticSharedTests" */ = {
			isa = XCConfigurationList;
			buildConfigurations = (
				B5B94BF6EFBD514EB8A682E8 /* Debug */,
				5CA08E83CD7C8290DDD930DC /* Release */,
			);
			defaultConfigurationIsVisible = 0;
			defaultConfigurationName = Debug;
		};
		DF7E8291F91E106393173284 /* Build configuration list for PBXProject "Taphaptic" */ = {
			isa = XCConfigurationList;
			buildConfigurations = (
				F92EBA8D0EDA21C67764ACAE /* Debug */,
				158592E8B88E001677F4D9C0 /* Release */,
			);
			defaultConfigurationIsVisible = 0;
			defaultConfigurationName = Debug;
		};
/* End XCConfigurationList section */
	};
	rootObject = 99763C591FBDC4FCA6AC0899 /* Project object */;
}
